// !$*UTF8*$!
{
	archiveVersion = 1;
	classes = {
	};
	objectVersion = 46;
	objects = {

/* Begin PBXBuildFile section */
		D9F285911A3ECD30005338F7 /* AppDelegate.swift in Sources */ = {isa = PBXBuildFile; fileRef = D9F285901A3ECD30005338F7 /* AppDelegate.swift */; };
		D9F285931A3ECD30005338F7 /* ViewController.swift in Sources */ = {isa = PBXBuildFile; fileRef = D9F285921A3ECD30005338F7 /* ViewController.swift */; };
		D9F285961A3ECD30005338F7 /* Main.storyboard in Resources */ = {isa = PBXBuildFile; fileRef = D9F285941A3ECD30005338F7 /* Main.storyboard */; };
		D9F285981A3ECD30005338F7 /* Images.xcassets in Resources */ = {isa = PBXBuildFile; fileRef = D9F285971A3ECD30005338F7 /* Images.xcassets */; };
		D9F2859B1A3ECD30005338F7 /* LaunchScreen.xib in Resources */ = {isa = PBXBuildFile; fileRef = D9F285991A3ECD30005338F7 /* LaunchScreen.xib */; };
		D9F285A71A3ECD30005338F7 /* postcardTests.swift in Sources */ = {isa = PBXBuildFile; fileRef = D9F285A61A3ECD30005338F7 /* postcardTests.swift */; };
/* End PBXBuildFile section */

/* Begin PBXContainerItemProxy section */
		D9F285A11A3ECD30005338F7 /* PBXContainerItemProxy */ = {
			isa = PBXContainerItemProxy;
			containerPortal = D9F285831A3ECD30005338F7 /* Project object */;
			proxyType = 1;
			remoteGlobalIDString = D9F2858A1A3ECD30005338F7;
			remoteInfo = postcard;
		};
/* End PBXContainerItemProxy section */

/* Begin PBXFileReference section */
		D9F2858B1A3ECD30005338F7 /* postcard.app */ = {isa = PBXFileReference; explicitFileType = wrapper.application; includeInIndex = 0; path = postcard.app; sourceTree = BUILT_PRODUCTS_DIR; };
		D9F2858F1A3ECD30005338F7 /* Info.plist */ = {isa = PBXFileReference; lastKnownFileType = text.plist.xml; path = Info.plist; sourceTree = "<group>"; };
		D9F285901A3ECD30005338F7 /* AppDelegate.swift */ = {isa = PBXFileReference; lastKnownFileType = sourcecode.swift; path = AppDelegate.swift; sourceTree = "<group>"; };
		D9F285921A3ECD30005338F7 /* ViewController.swift */ = {isa = PBXFileReference; lastKnownFileType = sourcecode.swift; path = ViewController.swift; sourceTree = "<group>"; };
		D9F285951A3ECD30005338F7 /* Base */ = {isa = PBXFileReference; lastKnownFileType = file.storyboard; name = Base; path = Base.lproj/Main.storyboard; sourceTree = "<group>"; };
		D9F285971A3ECD30005338F7 /* Images.xcassets */ = {isa = PBXFileReference; lastKnownFileType = folder.assetcatalog; path = Images.xcassets; sourceTree = "<group>"; };
		D9F2859A1A3ECD30005338F7 /* Base */ = {isa = PBXFileReference; lastKnownFileType = file.xib; name = Base; path = Base.lproj/LaunchScreen.xib; sourceTree = "<group>"; };
		D9F285A01A3ECD30005338F7 /* postcardTests.xctest */ = {isa = PBXFileReference; explicitFileType = wrapper.cfbundle; includeInIndex = 0; path = postcardTests.xctest; sourceTree = BUILT_PRODUCTS_DIR; };
		D9F285A51A3ECD30005338F7 /* Info.plist */ = {isa = PBXFileReference; lastKnownFileType = text.plist.xml; path = Info.plist; sourceTree = "<group>"; };
		D9F285A61A3ECD30005338F7 /* postcardTests.swift */ = {isa = PBXFileReference; lastKnownFileType = sourcecode.swift; path = postcardTests.swift; sourceTree = "<group>"; };
/* End PBXFileReference section */

/* Begin PBXFrameworksBuildPhase section */
		D9F285881A3ECD30005338F7 /* Frameworks */ = {
			isa = PBXFrameworksBuildPhase;
			buildActionMask = 2147483647;
			files = (
			);
			runOnlyForDeploymentPostprocessing = 0;
		};
		D9F2859D1A3ECD30005338F7 /* Frameworks */ = {
			isa = PBXFrameworksBuildPhase;
			buildActionMask = 2147483647;
			files = (
			);
			runOnlyForDeploymentPostprocessing = 0;
		};
/* End PBXFrameworksBuildPhase section */

/* Begin PBXGroup section */
		D9F285821A3ECD30005338F7 = {
			isa = PBXGroup;
			children = (
				D9F2858D1A3ECD30005338F7 /* postcard */,
				D9F285A31A3ECD30005338F7 /* postcardTests */,
				D9F2858C1A3ECD30005338F7 /* Products */,
			);
			sourceTree = "<group>";
		};
		D9F2858C1A3ECD30005338F7 /* Products */ = {
			isa = PBXGroup;
			children = (
				D9F2858B1A3ECD30005338F7 /* postcard.app */,
				D9F285A01A3ECD30005338F7 /* postcardTests.xctest */,
			);
			name = Products;
			sourceTree = "<group>";
		};
		D9F2858D1A3ECD30005338F7 /* postcard */ = {
			isa = PBXGroup;
			children = (
				D9F285901A3ECD30005338F7 /* AppDelegate.swift */,
				D9F285921A3ECD30005338F7 /* ViewController.swift */,
				D9F285941A3ECD30005338F7 /* Main.storyboard */,
				D9F285971A3ECD30005338F7 /* Images.xcassets */,
				D9F285991A3ECD30005338F7 /* LaunchScreen.xib */,
				D9F2858E1A3ECD30005338F7 /* Supporting Files */,
			);
			path = postcard;
			sourceTree = "<group>";
		};
		D9F2858E1A3ECD30005338F7 /* Supporting Files */ = {
			isa = PBXGroup;
			children = (
				D9F2858F1A3ECD30005338F7 /* Info.plist */,
			);
			name = "Supporting Files";
			sourceTree = "<group>";
		};
		D9F285A31A3ECD30005338F7 /* postcardTests */ = {
			isa = PBXGroup;
			children = (
				D9F285A61A3ECD30005338F7 /* postcardTests.swift */,
				D9F285A41A3ECD30005338F7 /* Supporting Files */,
			);
			path = postcardTests;
			sourceTree = "<group>";
		};
		D9F285A41A3ECD30005338F7 /* Supporting Files */ = {
			isa = PBXGroup;
			children = (
				D9F285A51A3ECD30005338F7 /* Info.plist */,
			);
			name = "Supporting Files";
			sourceTree = "<group>";
		};
/* End PBXGroup section */

/* Begin PBXNativeTarget section */
		D9F2858A1A3ECD30005338F7 /* postcard */ = {
			isa = PBXNativeTarget;
			buildConfigurationList = D9F285AA1A3ECD30005338F7 /* Build configuration list for PBXNativeTarget "postcard" */;
			buildPhases = (
				D9F285871A3ECD30005338F7 /* Sources */,
				D9F285881A3ECD30005338F7 /* Frameworks */,
				D9F285891A3ECD30005338F7 /* Resources */,
			);
			buildRules = (
			);
			dependencies = (
			);
			name = postcard;
			productName = postcard;
			productReference = D9F2858B1A3ECD30005338F7 /* postcard.app */;
			productType = "com.apple.product-type.application";
		};
		D9F2859F1A3ECD30005338F7 /* postcardTests */ = {
			isa = PBXNativeTarget;
			buildConfigurationList = D9F285AD1A3ECD30005338F7 /* Build configuration list for PBXNativeTarget "postcardTests" */;
			buildPhases = (
				D9F2859C1A3ECD30005338F7 /* Sources */,
				D9F2859D1A3ECD30005338F7 /* Frameworks */,
				D9F2859E1A3ECD30005338F7 /* Resources */,
			);
			buildRules = (
			);
			dependencies = (
				D9F285A21A3ECD30005338F7 /* PBXTargetDependency */,
			);
			name = postcardTests;
			productName = postcardTests;
			productReference = D9F285A01A3ECD30005338F7 /* postcardTests.xctest */;
			productType = "com.apple.product-type.bundle.unit-test";
		};
/* End PBXNativeTarget section */

/* Begin PBXProject section */
		D9F285831A3ECD30005338F7 /* Project object */ = {
			isa = PBXProject;
			attributes = {
				LastUpgradeCheck = 0610;
				ORGANIZATIONNAME = "Troy Metcalf";
				TargetAttributes = {
					D9F2858A1A3ECD30005338F7 = {
						CreatedOnToolsVersion = 6.1.1;
					};
					D9F2859F1A3ECD30005338F7 = {
						CreatedOnToolsVersion = 6.1.1;
						TestTargetID = D9F2858A1A3ECD30005338F7;
					};
				};
			};
			buildConfigurationList = D9F285861A3ECD30005338F7 /* Build configuration list for PBXProject "postcard" */;
			compatibilityVersion = "Xcode 3.2";
			developmentRegion = English;
			hasScannedForEncodings = 0;
			knownRegions = (
				en,
				Base,
			);
			mainGroup = D9F285821A3ECD30005338F7;
			productRefGroup = D9F2858C1A3ECD30005338F7 /* Products */;
			projectDirPath = "";
			projectRoot = "";
			targets = (
				D9F2858A1A3ECD30005338F7 /* postcard */,
				D9F2859F1A3ECD30005338F7 /* postcardTests */,
			);
		};
/* End PBXProject section */

/* Begin PBXResourcesBuildPhase section */
		D9F285891A3ECD30005338F7 /* Resources */ = {
			isa = PBXResourcesBuildPhase;
			buildActionMask = 2147483647;
			files = (
				D9F285961A3ECD30005338F7 /* Main.storyboard in Resources */,
				D9F2859B1A3ECD30005338F7 /* LaunchScreen.xib in Resources */,
				D9F285981A3ECD30005338F7 /* Images.xcassets in Resources */,
			);
			runOnlyForDeploymentPostprocessing = 0;
		};
		D9F2859E1A3ECD30005338F7 /* Resources */ = {
			isa = PBXResourcesBuildPhase;
			buildActionMask = 2147483647;
			files = (
			);
			runOnlyForDeploymentPostprocessing = 0;
		};
/* End PBXResourcesBuildPhase section */

/* Begin PBXSourcesBuildPhase section */
		D9F285871A3ECD30005338F7 /* Sources */ = {
			isa = PBXSourcesBuildPhase;
			buildActionMask = 2147483647;
			files = (
				D9F285931A3ECD30005338F7 /* ViewController.swift in Sources */,
				D9F285911A3ECD30005338F7 /* AppDelegate.swift in Sources */,
			);
			runOnlyForDeploymentPostprocessing = 0;
		};
		D9F2859C1A3ECD30005338F7 /* Sources */ = {
			isa = PBXSourcesBuildPhase;
			buildActionMask = 2147483647;
			files = (
				D9F285A71A3ECD30005338F7 /* postcardTests.swift in Sources */,
			);
			runOnlyForDeploymentPostprocessing = 0;
		};
/* End PBXSourcesBuildPhase section */

/* Begin PBXTargetDependency section */
		D9F285A21A3ECD30005338F7 /* PBXTargetDependency */ = {
			isa = PBXTargetDependency;
			target = D9F2858A1A3ECD30005338F7 /* postcard */;
			targetProxy = D9F285A11A3ECD30005338F7 /* PBXContainerItemProxy */;
		};
/* End PBXTargetDependency section */

/* Begin PBXVariantGroup section */
		D9F285941A3ECD30005338F7 /* Main.storyboard */ = {
			isa = PBXVariantGroup;
			children = (
				D9F285951A3ECD30005338F7 /* Base */,
			);
			name = Main.storyboard;
			sourceTree = "<group>";
		};
		D9F285991A3ECD30005338F7 /* LaunchScreen.xib */ = {
			isa = PBXVariantGroup;
			children = (
				D9F2859A1A3ECD30005338F7 /* Base */,
			);
			name = LaunchScreen.xib;
			sourceTree = "<group>";
		};
/* End PBXVariantGroup section */

/* Begin XCBuildConfiguration section */
		D9F285A81A3ECD30005338F7 /* Debug */ = {
			isa = XCBuildConfiguration;
			buildSettings = {
				ALWAYS_SEARCH_USER_PATHS = NO;
				CLANG_CXX_LANGUAGE_STANDARD = "gnu++0x";
				CLANG_CXX_LIBRARY = "libc++";
				CLANG_ENABLE_MODULES = YES;
				CLANG_ENABLE_OBJC_ARC = YES;
				CLANG_WARN_BOOL_CONVERSION = YES;
				CLANG_WARN_CONSTANT_CONVERSION = YES;
				CLANG_WARN_DIRECT_OBJC_ISA_USAGE = YES_ERROR;
				CLANG_WARN_EMPTY_BODY = YES;
				CLANG_WARN_ENUM_CONVERSION = YES;
				CLANG_WARN_INT_CONVERSION = YES;
				CLANG_WARN_OBJC_ROOT_CLASS = YES_ERROR;
				CLANG_WARN_UNREACHABLE_CODE = YES;
				CLANG_WARN__DUPLICATE_METHOD_MATCH = YES;
				"CODE_SIGN_IDENTITY[sdk=iphoneos*]" = "iPhone Developer";
				COPY_PHASE_STRIP = NO;
				ENABLE_STRICT_OBJC_MSGSEND = YES;
				GCC_C_LANGUAGE_STANDARD = gnu99;
				GCC_DYNAMIC_NO_PIC = NO;
				GCC_OPTIMIZATION_LEVEL = 0;
				GCC_PREPROCESSOR_DEFINITIONS = (
					"DEBUG=1",
					"$(inherited)",
				);
				GCC_SYMBOLS_PRIVATE_EXTERN = NO;
				GCC_WARN_64_TO_32_BIT_CONVERSION = YES;
				GCC_WARN_ABOUT_RETURN_TYPE = YES_ERROR;
				GCC_WARN_UNDECLARED_SELECTOR = YES;
				GCC_WARN_UNINITIALIZED_AUTOS = YES_AGGRESSIVE;
				GCC_WARN_UNUSED_FUNCTION = YES;
				GCC_WARN_UNUSED_VARIABLE = YES;
				IPHONEOS_DEPLOYMENT_TARGET = 8.1;
				MTL_ENABLE_DEBUG_INFO = YES;
				ONLY_ACTIVE_ARCH = YES;
				SDKROOT = iphoneos;
				SWIFT_OPTIMIZATION_LEVEL = "-Onone";
				TARGETED_DEVICE_FAMILY = "1,2";
			};
			name = Debug;
		};
		D9F285A91A3ECD30005338F7 /* Release */ = {
			isa = XCBuildConfiguration;
			buildSettings = {
				ALWAYS_SEARCH_USER_PATHS = NO;
				CLANG_CXX_LANGUAGE_STANDARD = "gnu++0x";
				CLANG_CXX_LIBRARY = "libc++";
				CLANG_ENABLE_MODULES = YES;
				CLANG_ENABLE_OBJC_ARC = YES;
				CLANG_WARN_BOOL_CONVERSION = YES;
				CLANG_WARN_CONSTANT_CONVERSION = YES;
				CLANG_WARN_DIRECT_OBJC_ISA_USAGE = YES_ERROR;
				CLANG_WARN_EMPTY_BODY = YES;
				CLANG_WARN_ENUM_CONVERSION = YES;
				CLANG_WARN_INT_CONVERSION = YES;
				CLANG_WARN_OBJC_ROOT_CLASS = YES_ERROR;
				CLANG_WARN_UNREACHABLE_CODE = YES;
				CLANG_WARN__DUPLICATE_METHOD_MATCH = YES;
				"CODE_SIGN_IDENTITY[sdk=iphoneos*]" = "iPhone Developer";
				COPY_PHASE_STRIP = YES;
				ENABLE_NS_ASSERTIONS = NO;
				ENABLE_STRICT_OBJC_MSGSEND = YES;
				GCC_C_LANGUAGE_STANDARD = gnu99;
				GCC_WARN_64_TO_32_BIT_CONVERSION = YES;
				GCC_WARN_ABOUT_RETURN_TYPE = YES_ERROR;
				GCC_WARN_UNDECLARED_SELECTOR = YES;
				GCC_WARN_UNINITIALIZED_AUTOS = YES_AGGRESSIVE;
				GCC_WARN_UNUSED_FUNCTION = YES;
				GCC_WARN_UNUSED_VARIABLE = YES;
				IPHONEOS_DEPLOYMENT_TARGET = 8.1;
				MTL_ENABLE_DEBUG_INFO = NO;
				SDKROOT = iphoneos;
				TARGETED_DEVICE_FAMILY = "1,2";
				VALIDATE_PRODUCT = YES;
			};
			name = Release;
		};
		D9F285AB1A3ECD30005338F7 /* Debug */ = {
			isa = XCBuildConfiguration;
			buildSettings = {
				ASSETCATALOG_COMPILER_APPICON_NAME = AppIcon;
				INFOPLIST_FILE = postcard/Info.plist;
				LD_RUNPATH_SEARCH_PATHS = "$(inherited) @executable_path/Frameworks";
				PRODUCT_NAME = "$(TARGET_NAME)";
			};
			name = Debug;
		};
		D9F285AC1A3ECD30005338F7 /* Release */ = {
			isa = XCBuildConfiguration;
			buildSettings = {
				ASSETCATALOG_COMPILER_APPICON_NAME = AppIcon;
				INFOPLIST_FILE = postcard/Info.plist;
				LD_RUNPATH_SEARCH_PATHS = "$(inherited) @executable_path/Frameworks";
				PRODUCT_NAME = "$(TARGET_NAME)";
			};
			name = Release;
		};
		D9F285AE1A3ECD30005338F7 /* Debug */ = {
			isa = XCBuildConfiguration;
			buildSettings = {
				BUNDLE_LOADER = "$(TEST_HOST)";
				FRAMEWORK_SEARCH_PATHS = (
					"$(SDKROOT)/Developer/Library/Frameworks",
					"$(inherited)",
				);
				GCC_PREPROCESSOR_DEFINITIONS = (
					"DEBUG=1",
					"$(inherited)",
				);
				INFOPLIST_FILE = postcardTests/Info.plist;
				LD_RUNPATH_SEARCH_PATHS = "$(inherited) @executable_path/Frameworks @loader_path/Frameworks";
				PRODUCT_NAME = "$(TARGET_NAME)";
				TEST_HOST = "$(BUILT_PRODUCTS_DIR)/postcard.app/postcard";
			};
			name = Debug;
		};
		D9F285AF1A3ECD30005338F7 /* Release */ = {
			isa = XCBuildConfiguration;
			buildSettings = {
				BUNDLE_LOADER = "$(TEST_HOST)";
				FRAMEWORK_SEARCH_PATHS = (
					"$(SDKROOT)/Developer/Library/Frameworks",
					"$(inherited)",
				);
				INFOPLIST_FILE = postcardTests/Info.plist;
				LD_RUNPATH_SEARCH_PATHS = "$(inherited) @executable_path/Frameworks @loader_path/Frameworks";
				PRODUCT_NAME = "$(TARGET_NAME)";
				TEST_HOST = "$(BUILT_PRODUCTS_DIR)/postcard.app/postcard";
			};
			name = Release;
		};
/* End XCBuildConfiguration section */

/* Begin XCConfigurationList section */
		D9F285861A3ECD30005338F7 /* Build configuration list for PBXProject "postcard" */ = {
			isa = XCConfigurationList;
			buildConfigurations = (
				D9F285A81A3ECD30005338F7 /* Debug */,
				D9F285A91A3ECD30005338F7 /* Release */,
			);
			defaultConfigurationIsVisible = 0;
			defaultConfigurationName = Release;
		};
		D9F285AA1A3ECD30005338F7 /* Build configuration list for PBXNativeTarget "postcard" */ = {
			isa = XCConfigurationList;
			buildConfigurations = (
				D9F285AB1A3ECD30005338F7 /* Debug */,
				D9F285AC1A3ECD30005338F7 /* Release */,
			);
			defaultConfigurationIsVisible = 0;
		};
		D9F285AD1A3ECD30005338F7 /* Build configuration list for PBXNativeTarget "postcardTests" */ = {
			isa = XCConfigurationList;
			buildConfigurations = (
				D9F285AE1A3ECD30005338F7 /* Debug */,
				D9F285AF1A3ECD30005338F7 /* Release */,
			);
			defaultConfigurationIsVisible = 0;
		};
/* End XCConfigurationList section */
	};
	rootObject = D9F285831A3ECD30005338F7 /* Project object */;
}
